
Microsoft Visual Studio Solution File, Format Version 11.00
# Visual Studio 2010
Project("{FAE04EC0-301F-11D3-BF4B-00C04F79EFBC}") = "ScannerAdvSQLInjection", "ScannerAdvSQLInjection\ScannerAdvSQLInjection.csproj", "{B6E23C60-AA04-4680-A65C-81C4D3C7A82E}"
EndProject
Global
	GlobalSection(SolutionConfigurationPlatforms) = preSolution
		Debug|x86 = Debug|x86
		Release|x86 = Release|x86
	EndGlobalSection
	GlobalSection(ProjectConfigurationPlatforms) = postSolution
		{B6E23C60-AA04-4680-A65C-81C4D3C7A82E}.Debug|x86.ActiveCfg = Debug|x86
		{B6E23C60-AA04-4680-A65C-81C4D3C7A82E}.Debug|x86.Build.0 = Debug|x86
		{B6E23C60-AA04-4680-A65C-81C4D3C7A82E}.Release|x86.ActiveCfg = Release|x86
		{B6E23C60-AA04-4680-A65C-81C4D3C7A82E}.Release|x86.Build.0 = Release|x86
	EndGlobalSection
	GlobalSection(SolutionProperties) = preSolution
		HideSolutionNode = FALSE
	EndGlobalSection
EndGlobal
